// !$*UTF8*$!
{
	archiveVersion = 1;
	classes = {
	};
	objectVersion = 48;
	objects = {

/* Begin PBXBuildFile section */
		06CD5D9786921D3E2FB0147D7EFE762F /* Foundation.framework in Frameworks */ = {isa = PBXBuildFile; fileRef = 87B9A34A6CBF7486F17709A67D6C720C /* Foundation.framework */; };
		0A241D91A17781528552ED5FDE08EBA3 /* Icon-72.png in Resources */ = {isa = PBXBuildFile; fileRef = 301B2D74571B856FA7D73D919D15A81E /* Icon-72.png */; };
		0A4F719959ABB2C8AF6ECDA494101AB5 /* Icon.png in Resources */ = {isa = PBXBuildFile; fileRef = B5A35DF6598ADC5CB058AC646CBFF650 /* Icon.png */; };
		0E83B71526521171356A8F136BA268A5 /* libZF_impl.a in Frameworks */ = {isa = PBXBuildFile; fileRef = 91C6F664F4DE76AB35AA22E0B74FCB38 /* libZF_impl.a */; };
		0FCB4C7237AFD1A3AD532715C92DD734 /* UIKit.framework in Frameworks */ = {isa = PBXBuildFile; fileRef = 1BBCF1F44B216C06D98E0CCA74F44449 /* UIKit.framework */; };
		1D863372C5095386D0A08CF725A6A61E /* libZFAlgorithm.a in Frameworks */ = {isa = PBXBuildFile; fileRef = 7C771322C6D15539D84708B61B500527 /* libZFAlgorithm.a */; };
		28655F9AA894515CC39FFC1B5B867B8D /* CoreGraphics.framework in Frameworks */ = {isa = PBXBuildFile; fileRef = 96B1CDD6F5505E5855CD22513B1953E0 /* CoreGraphics.framework */; };
		2A45238B13BF797F6B3AC9DA6A0C1152 /* main.m in Sources */ = {isa = PBXBuildFile; fileRef = 0F7A8538313BD405233AF576E61630EF /* main.m */; };
		2ACB1FBF42156594384C6B6005803396 /* libZFUIKit.a in Frameworks */ = {isa = PBXBuildFile; fileRef = A75E9BCBD7180C323E91D21C9A42A75E /* libZFUIKit.a */; };
		38B5C929B862D4FCD099C15986BE5661 /* zfgensrc_ZF2048.mm in Sources */ = {isa = PBXBuildFile; fileRef = A36A5CACEC4D82FB7A1F1A77D14A3741 /* zfgensrc_ZF2048.mm */; };
		395AB4831E0DCFE031951693472D30EB /* libZFUIWidget.a in Frameworks */ = {isa = PBXBuildFile; fileRef = F7729880D15548A5D3EC2AB70787F898 /* libZFUIWidget.a */; };
		44855E3CAD2D1448D9ED0DBADE1E0D5D /* RootViewController.m in Sources */ = {isa = PBXBuildFile; fileRef = 29217A33AE0699CA2413A87621E8197D /* RootViewController.m */; };
		5930829EB0AA9D1C6A6F4487C6E9E44A /* libZFUIKit_impl.a in Frameworks */ = {isa = PBXBuildFile; fileRef = BFCCBC0AE22F64D91985A77917632DFA /* libZFUIKit_impl.a */; };
		6283E29C893DB5DD6F8B4FAFE5DB3364 /* AppDelegate.mm in Sources */ = {isa = PBXBuildFile; fileRef = 87954DB92FD0D8E630E2C9E750896FC2 /* AppDelegate.mm */; };
		70E0AB8BCF123779FEA357C2AC549A0B /* Default-568h@2x.png in Resources */ = {isa = PBXBuildFile; fileRef = 3D0504266722DB764EE5C38FC4234BFD /* Default-568h@2x.png */; };
		73E7291A40ECEDF64A23F229DE1F90BB /* libZFCore_impl.a in Frameworks */ = {isa = PBXBuildFile; fileRef = AF2AF02956DF0C15CFA921D55B99A495 /* libZFCore_impl.a */; };
		84B7C1F5CD112B8FD53F6C0A7EBD70DA /* Icon-29.png in Resources */ = {isa = PBXBuildFile; fileRef = 01386D265D7A8FC690A35EB32DF4468B /* Icon-29.png */; };
		8A5EFB279E58AFA1F884621A5C85C349 /* RootViewController.xib in Resources */ = {isa = PBXBuildFile; fileRef = 908792AD3903AB0ADD1D0E7003804E15 /* RootViewController.xib */; };
		90DEAD9FE8F41A78C9209DEA8631C3CA /* Icon-50.png in Resources */ = {isa = PBXBuildFile; fileRef = 452EA08077DA1D184780B65EAD193BBF /* Icon-50.png */; };
		92E87D512579B2CE58EF094C8D174220 /* libZFAlgorithm_impl.a in Frameworks */ = {isa = PBXBuildFile; fileRef = 3C65289CAEB8C2ECCC5C95B79782C834 /* libZFAlgorithm_impl.a */; };
		9BBB30E142D8E80EBFBB3364B4D67991 /* Icon@2x.png in Resources */ = {isa = PBXBuildFile; fileRef = 9783C5B2E28370AFD4B5ED5BC4B3E163 /* Icon@2x.png */; };
		9BEDAC00350A241039CB038616E08837 /* QuartzCore.framework in Frameworks */ = {isa = PBXBuildFile; fileRef = AE9B587793CC376C11C939BE60C7D12E /* QuartzCore.framework */; };
		B6D37B3E4AF591269DDF3C080BCD1030 /* libZFCore.a in Frameworks */ = {isa = PBXBuildFile; fileRef = 7B1EDD1396ACEF272E32A84AD143B9E2 /* libZFCore.a */; };
		D9757EE3018925C7B3F5D59A41FCBF04 /* libZFUtility.a in Frameworks */ = {isa = PBXBuildFile; fileRef = 4D81083EAF1A6D3E3F43E9AF45263585 /* libZFUtility.a */; };
/* End PBXBuildFile section */

/* Begin PBXFileReference section */
		01386D265D7A8FC690A35EB32DF4468B /* Icon-29.png */ = {isa = PBXFileReference; lastKnownFileType = image.png; path = "Icon-29.png"; sourceTree = "<group>"; };
		0F7A8538313BD405233AF576E61630EF /* main.m */ = {isa = PBXFileReference; fileEncoding = 4; lastKnownFileType = sourcecode.c.objc; path = main.m; sourceTree = "<group>"; };
		1BBCF1F44B216C06D98E0CCA74F44449 /* UIKit.framework */ = {isa = PBXFileReference; lastKnownFileType = wrapper.framework; name = UIKit.framework; path = System/Library/Frameworks/UIKit.framework; sourceTree = SDKROOT; };
		29217A33AE0699CA2413A87621E8197D /* RootViewController.m */ = {isa = PBXFileReference; fileEncoding = 4; lastKnownFileType = sourcecode.c.objc; path = RootViewController.m; sourceTree = "<group>"; };
		2C8114F4C0224617689409E1E73849F3 /* AppDelegate.h */ = {isa = PBXFileReference; fileEncoding = 4; lastKnownFileType = sourcecode.c.h; path = AppDelegate.h; sourceTree = "<group>"; };
		301B2D74571B856FA7D73D919D15A81E /* Icon-72.png */ = {isa = PBXFileReference; lastKnownFileType = image.png; path = "Icon-72.png"; sourceTree = "<group>"; };
		3C65289CAEB8C2ECCC5C95B79782C834 /* libZFAlgorithm_impl.a */ = {isa = PBXFileReference; lastKnownFileType = archive.ar; name = libZFAlgorithm_impl.a; path = ../../../../../ZFFramework/_release/iOS/all/lib/libZFAlgorithm_impl.a; sourceTree = "<group>"; };
		3D0504266722DB764EE5C38FC4234BFD /* Default-568h@2x.png */ = {isa = PBXFileReference; lastKnownFileType = image.png; path = "Default-568h@2x.png"; sourceTree = "<group>"; };
		452EA08077DA1D184780B65EAD193BBF /* Icon-50.png */ = {isa = PBXFileReference; lastKnownFileType = image.png; path = "Icon-50.png"; sourceTree = "<group>"; };
		4D81083EAF1A6D3E3F43E9AF45263585 /* libZFUtility.a */ = {isa = PBXFileReference; lastKnownFileType = archive.ar; name = libZFUtility.a; path = ../../../../../ZFFramework/_release/iOS/all/lib/libZFUtility.a; sourceTree = "<group>"; };
		73BB3F5A06F3767655E9C352E3FEB5E1 /* RootViewController.h */ = {isa = PBXFileReference; fileEncoding = 4; lastKnownFileType = sourcecode.c.h; path = RootViewController.h; sourceTree = "<group>"; };
		761A4D0687164B8B40E550BB380DD417 /* Info.plist */ = {isa = PBXFileReference; lastKnownFileType = text.plist.xml; path = Info.plist; sourceTree = "<group>"; };
		7B1EDD1396ACEF272E32A84AD143B9E2 /* libZFCore.a */ = {isa = PBXFileReference; lastKnownFileType = archive.ar; name = libZFCore.a; path = ../../../../../ZFFramework/_release/iOS/all/lib/libZFCore.a; sourceTree = "<group>"; };
		7C771322C6D15539D84708B61B500527 /* libZFAlgorithm.a */ = {isa = PBXFileReference; lastKnownFileType = archive.ar; name = libZFAlgorithm.a; path = ../../../../../ZFFramework/_release/iOS/all/lib/libZFAlgorithm.a; sourceTree = "<group>"; };
		86C151B3204A45EDA14C59C1EB72AEA7 /* zfsrc */ = {isa = PBXFileReference; lastKnownFileType = folder; name = zfsrc; path = ../../../zfsrc; sourceTree = "<group>"; };
		87954DB92FD0D8E630E2C9E750896FC2 /* AppDelegate.mm */ = {isa = PBXFileReference; fileEncoding = 4; lastKnownFileType = sourcecode.cpp.objcpp; path = AppDelegate.mm; sourceTree = "<group>"; };
		87B9A34A6CBF7486F17709A67D6C720C /* Foundation.framework */ = {isa = PBXFileReference; lastKnownFileType = wrapper.framework; name = Foundation.framework; path = System/Library/Frameworks/Foundation.framework; sourceTree = SDKROOT; };
		908792AD3903AB0ADD1D0E7003804E15 /* RootViewController.xib */ = {isa = PBXFileReference; fileEncoding = 4; lastKnownFileType = file.xib; path = RootViewController.xib; sourceTree = "<group>"; };
		91C6F664F4DE76AB35AA22E0B74FCB38 /* libZF_impl.a */ = {isa = PBXFileReference; lastKnownFileType = archive.ar; name = libZF_impl.a; path = ../../../../../ZFFramework/_release/iOS/all/lib/libZF_impl.a; sourceTree = "<group>"; };
		96B1CDD6F5505E5855CD22513B1953E0 /* CoreGraphics.framework */ = {isa = PBXFileReference; lastKnownFileType = wrapper.framework; name = CoreGraphics.framework; path = System/Library/Frameworks/CoreGraphics.framework; sourceTree = SDKROOT; };
		9783C5B2E28370AFD4B5ED5BC4B3E163 /* Icon@2x.png */ = {isa = PBXFileReference; lastKnownFileType = image.png; path = "Icon@2x.png"; sourceTree = "<group>"; };
		98E9A1859726F96119246D0EE7C1C036 /* LaunchScreen.storyboard */ = {isa = PBXFileReference; lastKnownFileType = file.storyboard; path = LaunchScreen.storyboard; sourceTree = "<group>"; };
		A36A5CACEC4D82FB7A1F1A77D14A3741 /* zfgensrc_ZF2048.mm */ = {isa = PBXFileReference; fileEncoding = 4; lastKnownFileType = sourcecode.cpp.objcpp; path = zfgensrc_ZF2048.mm; sourceTree = "<group>"; };
		A75E9BCBD7180C323E91D21C9A42A75E /* libZFUIKit.a */ = {isa = PBXFileReference; lastKnownFileType = archive.ar; name = libZFUIKit.a; path = ../../../../../ZFFramework/_release/iOS/all/lib/libZFUIKit.a; sourceTree = "<group>"; };
		AE9B587793CC376C11C939BE60C7D12E /* QuartzCore.framework */ = {isa = PBXFileReference; lastKnownFileType = wrapper.framework; name = QuartzCore.framework; path = System/Library/Frameworks/QuartzCore.framework; sourceTree = SDKROOT; };
		AF2AF02956DF0C15CFA921D55B99A495 /* libZFCore_impl.a */ = {isa = PBXFileReference; lastKnownFileType = archive.ar; name = libZFCore_impl.a; path = ../../../../../ZFFramework/_release/iOS/all/lib/libZFCore_impl.a; sourceTree = "<group>"; };
		B5A35DF6598ADC5CB058AC646CBFF650 /* Icon.png */ = {isa = PBXFileReference; lastKnownFileType = image.png; path = Icon.png; sourceTree = "<group>"; };
		BFCCBC0AE22F64D91985A77917632DFA /* libZFUIKit_impl.a */ = {isa = PBXFileReference; lastKnownFileType = archive.ar; name = libZFUIKit_impl.a; path = ../../../../../ZFFramework/_release/iOS/all/lib/libZFUIKit_impl.a; sourceTree = "<group>"; };
		F7729880D15548A5D3EC2AB70787F898 /* libZFUIWidget.a */ = {isa = PBXFileReference; lastKnownFileType = archive.ar; name = libZFUIWidget.a; path = ../../../../../ZFFramework/_release/iOS/all/lib/libZFUIWidget.a; sourceTree = "<group>"; };
		FBC2DF247F290299602E15AC938EF32F /* ZF2048.app */ = {isa = PBXFileReference; explicitFileType = wrapper.application; includeInIndex = 0; path = ZF2048.app; sourceTree = BUILT_PRODUCTS_DIR; };
/* End PBXFileReference section */

/* Begin PBXFrameworksBuildPhase section */
		66D4143A3413758B3A3802BEAB03CA55 /* Frameworks */ = {
			isa = PBXFrameworksBuildPhase;
			buildActionMask = 2147483647;
			files = (
				28655F9AA894515CC39FFC1B5B867B8D /* CoreGraphics.framework in Frameworks */,
				06CD5D9786921D3E2FB0147D7EFE762F /* Foundation.framework in Frameworks */,
				9BEDAC00350A241039CB038616E08837 /* QuartzCore.framework in Frameworks */,
				0FCB4C7237AFD1A3AD532715C92DD734 /* UIKit.framework in Frameworks */,
				1D863372C5095386D0A08CF725A6A61E /* libZFAlgorithm.a in Frameworks */,
				92E87D512579B2CE58EF094C8D174220 /* libZFAlgorithm_impl.a in Frameworks */,
				B6D37B3E4AF591269DDF3C080BCD1030 /* libZFCore.a in Frameworks */,
				73E7291A40ECEDF64A23F229DE1F90BB /* libZFCore_impl.a in Frameworks */,
				2ACB1FBF42156594384C6B6005803396 /* libZFUIKit.a in Frameworks */,
				5930829EB0AA9D1C6A6F4487C6E9E44A /* libZFUIKit_impl.a in Frameworks */,
				395AB4831E0DCFE031951693472D30EB /* libZFUIWidget.a in Frameworks */,
				D9757EE3018925C7B3F5D59A41FCBF04 /* libZFUtility.a in Frameworks */,
				0E83B71526521171356A8F136BA268A5 /* libZF_impl.a in Frameworks */,
			);
			runOnlyForDeploymentPostprocessing = 0;
		};
/* End PBXFrameworksBuildPhase section */

/* Begin PBXGroup section */
		39C1B75F09E2ADEEE32355A28E0E697E = {
			isa = PBXGroup;
			children = (
				80CA21A4BEEC35D91F8A9B19053ECC09 /* Frameworks */,
				ABB60794D01801E70A4958D8B67D33C8 /* Products */,
				4A82029FA6DA805CEC5E5F1C4E4BB861 /* ProjectFiles */,
				F1AA92F1BF60AFF728C00EFFB185B794 /* ZF2048 */,
			);
			sourceTree = "<group>";
		};
		4A82029FA6DA805CEC5E5F1C4E4BB861 /* ProjectFiles */ = {
			isa = PBXGroup;
			children = (
				2C8114F4C0224617689409E1E73849F3 /* AppDelegate.h */,
				87954DB92FD0D8E630E2C9E750896FC2 /* AppDelegate.mm */,
				3D0504266722DB764EE5C38FC4234BFD /* Default-568h@2x.png */,
				01386D265D7A8FC690A35EB32DF4468B /* Icon-29.png */,
				452EA08077DA1D184780B65EAD193BBF /* Icon-50.png */,
				301B2D74571B856FA7D73D919D15A81E /* Icon-72.png */,
				B5A35DF6598ADC5CB058AC646CBFF650 /* Icon.png */,
				9783C5B2E28370AFD4B5ED5BC4B3E163 /* Icon@2x.png */,
				761A4D0687164B8B40E550BB380DD417 /* Info.plist */,
				98E9A1859726F96119246D0EE7C1C036 /* LaunchScreen.storyboard */,
				73BB3F5A06F3767655E9C352E3FEB5E1 /* RootViewController.h */,
				29217A33AE0699CA2413A87621E8197D /* RootViewController.m */,
				908792AD3903AB0ADD1D0E7003804E15 /* RootViewController.xib */,
				0F7A8538313BD405233AF576E61630EF /* main.m */,
				A36A5CACEC4D82FB7A1F1A77D14A3741 /* zfgensrc_ZF2048.mm */,
			);
			path = ProjectFiles;
			sourceTree = "<group>";
		};
		80CA21A4BEEC35D91F8A9B19053ECC09 /* Frameworks */ = {
			isa = PBXGroup;
			children = (
				96B1CDD6F5505E5855CD22513B1953E0 /* CoreGraphics.framework */,
				87B9A34A6CBF7486F17709A67D6C720C /* Foundation.framework */,
				AE9B587793CC376C11C939BE60C7D12E /* QuartzCore.framework */,
				1BBCF1F44B216C06D98E0CCA74F44449 /* UIKit.framework */,
				7C771322C6D15539D84708B61B500527 /* libZFAlgorithm.a */,
				3C65289CAEB8C2ECCC5C95B79782C834 /* libZFAlgorithm_impl.a */,
				7B1EDD1396ACEF272E32A84AD143B9E2 /* libZFCore.a */,
				AF2AF02956DF0C15CFA921D55B99A495 /* libZFCore_impl.a */,
				A75E9BCBD7180C323E91D21C9A42A75E /* libZFUIKit.a */,
				BFCCBC0AE22F64D91985A77917632DFA /* libZFUIKit_impl.a */,
				F7729880D15548A5D3EC2AB70787F898 /* libZFUIWidget.a */,
				4D81083EAF1A6D3E3F43E9AF45263585 /* libZFUtility.a */,
				91C6F664F4DE76AB35AA22E0B74FCB38 /* libZF_impl.a */,
			);
			name = Frameworks;
			sourceTree = "<group>";
		};
		ABB60794D01801E70A4958D8B67D33C8 /* Products */ = {
			isa = PBXGroup;
			children = (
				FBC2DF247F290299602E15AC938EF32F /* ZF2048.app */,
			);
			name = Products;
			sourceTree = "<group>";
		};
		F1AA92F1BF60AFF728C00EFFB185B794 /* ZF2048 */ = {
			isa = PBXGroup;
			children = (
				86C151B3204A45EDA14C59C1EB72AEA7 /* zfsrc */,
			);
			name = ZF2048;
			sourceTree = "<group>";
		};
/* End PBXGroup section */

/* Begin PBXNativeTarget section */
		D71480E95CC8D1B27EAE8DFF8A9851CB /* ZF2048 */ = {
			isa = PBXNativeTarget;
			buildConfigurationList = 088CEDDE21DF02E0AA4164F529BA1EC9 /* Build configuration list for PBXNativeTarget "ZF2048" */;
			buildPhases = (
				8FBC7FC0BC1E89507B8D1647C7CD0B30 /* ZFSetup */,
				1491079357FE4D3DD0C32730743477D5 /* Sources */,
				66D4143A3413758B3A3802BEAB03CA55 /* Frameworks */,
				E687AD487141EC4E92640D66737143F2 /* Resources */,
				3166285772B7CCA4895ADCB8D4D2CA38 /* ZFUniqueProj */,
			);
			buildRules = (
			);
			dependencies = (
			);
			name = ZF2048;
			productName = ZF2048;
			productReference = FBC2DF247F290299602E15AC938EF32F /* ZF2048.app */;
			productType = "com.apple.product-type.application";
		};
/* End PBXNativeTarget section */

/* Begin PBXProject section */
		AF4E96092CBD70DA684C91661C6FD4DB /* Project object */ = {
			isa = PBXProject;
			attributes = {
				LastUpgradeCheck = 0930;
				ORGANIZATIONNAME = ZFFramework;
				TargetAttributes = {
					D71480E95CC8D1B27EAE8DFF8A9851CB = {
						CreatedOnToolsVersion = 9.2;
						ProvisioningStyle = Automatic;
					};
				};
			};
			buildConfigurationList = 0C9D8AC7F988BE4686BBB176ABEAAE37 /* Build configuration list for PBXProject "ZF2048" */;
			compatibilityVersion = "Xcode 8.0";
			developmentRegion = en;
			hasScannedForEncodings = 0;
			knownRegions = (
				en,
				Base,
			);
			mainGroup = 39C1B75F09E2ADEEE32355A28E0E697E;
			productRefGroup = ABB60794D01801E70A4958D8B67D33C8 /* Products */;
			projectDirPath = "";
			projectRoot = "";
			targets = (
				D71480E95CC8D1B27EAE8DFF8A9851CB /* ZF2048 */,
			);
		};
/* End PBXProject section */

/* Begin PBXResourcesBuildPhase section */
		E687AD487141EC4E92640D66737143F2 /* Resources */ = {
			isa = PBXResourcesBuildPhase;
			buildActionMask = 2147483647;
			files = (
				70E0AB8BCF123779FEA357C2AC549A0B /* Default-568h@2x.png in Resources */,
				84B7C1F5CD112B8FD53F6C0A7EBD70DA /* Icon-29.png in Resources */,
				90DEAD9FE8F41A78C9209DEA8631C3CA /* Icon-50.png in Resources */,
				0A241D91A17781528552ED5FDE08EBA3 /* Icon-72.png in Resources */,
				0A4F719959ABB2C8AF6ECDA494101AB5 /* Icon.png in Resources */,
				9BBB30E142D8E80EBFBB3364B4D67991 /* Icon@2x.png in Resources */,
				8A5EFB279E58AFA1F884621A5C85C349 /* RootViewController.xib in Resources */,
			);
			runOnlyForDeploymentPostprocessing = 0;
		};
/* End PBXResourcesBuildPhase section */

/* Begin PBXShellScriptBuildPhase section */
		3166285772B7CCA4895ADCB8D4D2CA38 /* ZFUniqueProj */ = {
			isa = PBXShellScriptBuildPhase;
			buildActionMask = 2147483647;
			files = (
			);
			inputPaths = (
			);
			name = ZFUniqueProj;
			outputPaths = (
			);
			runOnlyForDeploymentPostprocessing = 0;
			shellPath = /bin/sh;
			shellScript = "sh ${SRCROOT}/../../../../../ZFFramework/tools/spec/iOS/unique_proj.sh \"${SRCROOT}/${PROJECT_NAME}.xcodeproj\"";
		};
		8FBC7FC0BC1E89507B8D1647C7CD0B30 /* ZFSetup */ = {
			isa = PBXShellScriptBuildPhase;
			buildActionMask = 2147483647;
			files = (
			);
			inputPaths = (
			);
			name = ZFSetup;
			outputPaths = (
				"$(SRCROOT)/ProjectFiles/zfgensrc_ZF2048.mm",
			);
			runOnlyForDeploymentPostprocessing = 0;
			shellPath = /bin/sh;
			shellScript = "sh \"${SRCROOT}/../../../../zfsetup.sh\"\nsh \"${SRCROOT}/../../../../../ZFFramework/tools/release/release_iOS.sh\" 1\nsh ${SRCROOT}/ZF2048.xcodeproj/zfsetup.sh ${SRCROOT} ${CONFIGURATION_BUILD_DIR} ${CONTENTS_FOLDER_PATH}\n";
		};
/* End PBXShellScriptBuildPhase section */

/* Begin PBXSourcesBuildPhase section */
		1491079357FE4D3DD0C32730743477D5 /* Sources */ = {
			isa = PBXSourcesBuildPhase;
			buildActionMask = 2147483647;
			files = (
				6283E29C893DB5DD6F8B4FAFE5DB3364 /* AppDelegate.mm in Sources */,
				44855E3CAD2D1448D9ED0DBADE1E0D5D /* RootViewController.m in Sources */,
				2A45238B13BF797F6B3AC9DA6A0C1152 /* main.m in Sources */,
				38B5C929B862D4FCD099C15986BE5661 /* zfgensrc_ZF2048.mm in Sources */,
			);
			runOnlyForDeploymentPostprocessing = 0;
		};
/* End PBXSourcesBuildPhase section */

/* Begin XCBuildConfiguration section */
		214B562AC0C80DCA03E7EE08D0BAB7E7 /* Debug */ = {
			isa = XCBuildConfiguration;
			buildSettings = {
				CLANG_ENABLE_OBJC_ARC = YES;
				CODE_SIGN_STYLE = Automatic;
				DEBUG_INFORMATION_FORMAT = "dwarf-with-dsym";
				ENABLE_BITCODE = NO;
				GCC_INLINES_ARE_PRIVATE_EXTERN = YES;
				GCC_SYMBOLS_PRIVATE_EXTERN = YES;
				INFOPLIST_FILE = "${SRCROOT}/ProjectFiles/Info.plist";
				IPHONEOS_DEPLOYMENT_TARGET = 8.0;
				LD_RUNPATH_SEARCH_PATHS = "$(inherited) @executable_path/Frameworks";
				LIBRARY_SEARCH_PATHS = (
					"$(inherited)",
					"${SRCROOT}/../../../../../ZFFramework/_release/iOS/all/lib",
				);
				OTHER_LDFLAGS = (
					"$(inherited)",
					"-Objc",
					"-all_load",
				);
				PRODUCT_BUNDLE_IDENTIFIER = "com.ZFFramework.iOS.$(PRODUCT_NAME:rfc1034identifier)";
				PRODUCT_NAME = "$(TARGET_NAME)";
				USER_HEADER_SEARCH_PATHS = (
					"$(inherited)",
					"${SRCROOT}/../../../zfsrc",
					"${SRCROOT}/../../../../../ZFFramework/_release/iOS/all/include",
				);
				WARNING_CFLAGS = "-Wpartial-availability";
			};
			name = Debug;
		};
		29A152A8CDDF3E74FE779D5EAACB7CD7 /* Release */ = {
			isa = XCBuildConfiguration;
			buildSettings = {
				CLANG_ENABLE_OBJC_ARC = YES;
				CODE_SIGN_STYLE = Automatic;
				DEBUG_INFORMATION_FORMAT = "dwarf-with-dsym";
				ENABLE_BITCODE = NO;
				GCC_INLINES_ARE_PRIVATE_EXTERN = YES;
				GCC_SYMBOLS_PRIVATE_EXTERN = YES;
				INFOPLIST_FILE = "${SRCROOT}/ProjectFiles/Info.plist";
				IPHONEOS_DEPLOYMENT_TARGET = 8.0;
				LD_RUNPATH_SEARCH_PATHS = "$(inherited) @executable_path/Frameworks";
				LIBRARY_SEARCH_PATHS = (
					"$(inherited)",
					"${SRCROOT}/../../../../../ZFFramework/_release/iOS/all/lib",
				);
				OTHER_LDFLAGS = (
					"$(inherited)",
					"-Objc",
					"-all_load",
				);
				PRODUCT_BUNDLE_IDENTIFIER = "com.ZFFramework.iOS.$(PRODUCT_NAME:rfc1034identifier)";
				PRODUCT_NAME = "$(TARGET_NAME)";
				USER_HEADER_SEARCH_PATHS = (
					"$(inherited)",
					"${SRCROOT}/../../../zfsrc",
					"${SRCROOT}/../../../../../ZFFramework/_release/iOS/all/include",
				);
				WARNING_CFLAGS = "-Wpartial-availability";
			};
			name = Release;
		};
		AD0F381A0B4012A56963F6A4C2FAC201 /* Release */ = {
			isa = XCBuildConfiguration;
			buildSettings = {
				ALWAYS_SEARCH_USER_PATHS = NO;
				CLANG_CXX_LANGUAGE_STANDARD = "gnu++0x";
				CLANG_CXX_LIBRARY = "libc++";
				CLANG_ENABLE_MODULES = YES;
				CLANG_ENABLE_OBJC_ARC = YES;
				CLANG_WARN_BLOCK_CAPTURE_AUTORELEASING = YES;
				CLANG_WARN_BOOL_CONVERSION = YES;
				CLANG_WARN_COMMA = YES;
				CLANG_WARN_CONSTANT_CONVERSION = YES;
				CLANG_WARN_DEPRECATED_OBJC_IMPLEMENTATIONS = YES;
				CLANG_WARN_DIRECT_OBJC_ISA_USAGE = YES_ERROR;
				CLANG_WARN_EMPTY_BODY = YES;
				CLANG_WARN_ENUM_CONVERSION = YES;
				CLANG_WARN_INFINITE_RECURSION = YES;
				CLANG_WARN_INT_CONVERSION = YES;
				CLANG_WARN_NON_LITERAL_NULL_CONVERSION = YES;
				CLANG_WARN_OBJC_IMPLICIT_RETAIN_SELF = YES;
				CLANG_WARN_OBJC_LITERAL_CONVERSION = YES;
				CLANG_WARN_OBJC_ROOT_CLASS = YES_ERROR;
				CLANG_WARN_RANGE_LOOP_ANALYSIS = YES;
				CLANG_WARN_STRICT_PROTOTYPES = YES;
				CLANG_WARN_SUSPICIOUS_MOVE = YES;
				CLANG_WARN_UNREACHABLE_CODE = YES;
				CLANG_WARN__DUPLICATE_METHOD_MATCH = YES;
				"CODE_SIGN_IDENTITY[sdk=iphoneos*]" = "iPhone Developer";
				COPY_PHASE_STRIP = NO;
				DEBUG_INFORMATION_FORMAT = "dwarf-with-dsym";
				ENABLE_NS_ASSERTIONS = NO;
				ENABLE_STRICT_OBJC_MSGSEND = YES;
				GCC_C_LANGUAGE_STANDARD = gnu99;
				GCC_NO_COMMON_BLOCKS = YES;
				GCC_WARN_64_TO_32_BIT_CONVERSION = YES;
				GCC_WARN_ABOUT_RETURN_TYPE = YES_ERROR;
				GCC_WARN_UNDECLARED_SELECTOR = YES;
				GCC_WARN_UNINITIALIZED_AUTOS = YES_AGGRESSIVE;
				GCC_WARN_UNUSED_FUNCTION = YES;
				GCC_WARN_UNUSED_VARIABLE = YES;
				IPHONEOS_DEPLOYMENT_TARGET = 8.0;
				MTL_ENABLE_DEBUG_INFO = NO;
				SDKROOT = iphoneos;
				VALIDATE_PRODUCT = YES;
			};
			name = Release;
		};
		C456A2D54926705B86FB0B0B00A929CA /* Debug */ = {
			isa = XCBuildConfiguration;
			buildSettings = {
				ALWAYS_SEARCH_USER_PATHS = NO;
				CLANG_CXX_LANGUAGE_STANDARD = "gnu++0x";
				CLANG_CXX_LIBRARY = "libc++";
				CLANG_ENABLE_MODULES = YES;
				CLANG_ENABLE_OBJC_ARC = YES;
				CLANG_WARN_BLOCK_CAPTURE_AUTORELEASING = YES;
				CLANG_WARN_BOOL_CONVERSION = YES;
				CLANG_WARN_COMMA = YES;
				CLANG_WARN_CONSTANT_CONVERSION = YES;
				CLANG_WARN_DEPRECATED_OBJC_IMPLEMENTATIONS = YES;
				CLANG_WARN_DIRECT_OBJC_ISA_USAGE = YES_ERROR;
				CLANG_WARN_EMPTY_BODY = YES;
				CLANG_WARN_ENUM_CONVERSION = YES;
				CLANG_WARN_INFINITE_RECURSION = YES;
				CLANG_WARN_INT_CONVERSION = YES;
				CLANG_WARN_NON_LITERAL_NULL_CONVERSION = YES;
				CLANG_WARN_OBJC_IMPLICIT_RETAIN_SELF = YES;
				CLANG_WARN_OBJC_LITERAL_CONVERSION = YES;
				CLANG_WARN_OBJC_ROOT_CLASS = YES_ERROR;
				CLANG_WARN_RANGE_LOOP_ANALYSIS = YES;
				CLANG_WARN_STRICT_PROTOTYPES = YES;
				CLANG_WARN_SUSPICIOUS_MOVE = YES;
				CLANG_WARN_UNREACHABLE_CODE = YES;
				CLANG_WARN__DUPLICATE_METHOD_MATCH = YES;
				"CODE_SIGN_IDENTITY[sdk=iphoneos*]" = "iPhone Developer";
				COPY_PHASE_STRIP = NO;
				DEBUG_INFORMATION_FORMAT = "dwarf-with-dsym";
				ENABLE_STRICT_OBJC_MSGSEND = YES;
				ENABLE_TESTABILITY = YES;
				GCC_C_LANGUAGE_STANDARD = gnu99;
				GCC_DYNAMIC_NO_PIC = NO;
				GCC_NO_COMMON_BLOCKS = YES;
				GCC_OPTIMIZATION_LEVEL = 0;
				GCC_PREPROCESSOR_DEFINITIONS = (
					"DEBUG=1",
					"$(inherited)",
				);
				GCC_WARN_64_TO_32_BIT_CONVERSION = YES;
				GCC_WARN_ABOUT_RETURN_TYPE = YES_ERROR;
				GCC_WARN_UNDECLARED_SELECTOR = YES;
				GCC_WARN_UNINITIALIZED_AUTOS = YES_AGGRESSIVE;
				GCC_WARN_UNUSED_FUNCTION = YES;
				GCC_WARN_UNUSED_VARIABLE = YES;
				IPHONEOS_DEPLOYMENT_TARGET = 8.0;
				MTL_ENABLE_DEBUG_INFO = YES;
				ONLY_ACTIVE_ARCH = YES;
				SDKROOT = iphoneos;
			};
			name = Debug;
		};
/* End XCBuildConfiguration section */

/* Begin XCConfigurationList section */
		088CEDDE21DF02E0AA4164F529BA1EC9 /* Build configuration list for PBXNativeTarget "ZF2048" */ = {
			isa = XCConfigurationList;
			buildConfigurations = (
				214B562AC0C80DCA03E7EE08D0BAB7E7 /* Debug */,
				29A152A8CDDF3E74FE779D5EAACB7CD7 /* Release */,
			);
			defaultConfigurationIsVisible = 0;
			defaultConfigurationName = Release;
		};
		0C9D8AC7F988BE4686BBB176ABEAAE37 /* Build configuration list for PBXProject "ZF2048" */ = {
			isa = XCConfigurationList;
			buildConfigurations = (
				C456A2D54926705B86FB0B0B00A929CA /* Debug */,
				AD0F381A0B4012A56963F6A4C2FAC201 /* Release */,
			);
			defaultConfigurationIsVisible = 0;
			defaultConfigurationName = Release;
		};
/* End XCConfigurationList section */
	};
	rootObject = AF4E96092CBD70DA684C91661C6FD4DB /* Project object */;
}
